{
  "name": "encryptedERC20",
  "lockfileVersion": 3,
  "requires": true,
  "packages": {
    "": {
      "dependencies": {
        "fhevm": "^0.5.9",
        "fhevm-core-contracts": "^0.1.0-2"
      }
    },
    "node_modules/@openzeppelin/contracts": {
      "version": "5.1.0",
      "resolved": "https://registry.npmjs.org/@openzeppelin/contracts/-/contracts-5.1.0.tgz",
      "integrity": "sha512-p1ULhl7BXzjjbha5aqst+QMLY+4/LCWADXOCsmLHRM77AqiPjnd9vvUN9sosUfhL9JGKpZ0TjEGxgvnizmWGSA==",
      "license": "MIT"
    },
    "node_modules/fhevm": {
      "version": "0.5.9",
      "resolved": "https://registry.npmjs.org/fhevm/-/fhevm-0.5.9.tgz",
      "integrity": "sha512-9cSfmAa4AJUuROd4kESvtNYJpnea1PUvjU7yaNnrJsaHqPkVGQvpnIDEnO4KTsJ36Etup1ksPs8PvyGNYwkatQ==",
      "license": "BSD-3-Clause-Clear",
      "dependencies": {
        "@openzeppelin/contracts": "^5.0.1"
      },
      "engines": {
        "node": ">=20.0.0"
      }
    },
    "node_modules/fhevm-core-contracts": {
      "version": "0.1.0-2",
      "resolved": "https://registry.npmjs.org/fhevm-core-contracts/-/fhevm-core-contracts-0.1.0-2.tgz",
      "integrity": "sha512-lTUodggGV4+pZVFRKRb22t3rWyfR8iFZLgNxRBozgAEUSsIDe16PI9vn8PkfJzJJdOlPk9XsTY6/s1pACDbwfA==",
      "license": "BSD-3-Clause"
    }
  }
}
